
Microsoft Visual Studio Solution File, Format Version 12.00
# Visual Studio Version 17
VisualStudioVersion = 17.4.33213.308
MinimumVisualStudioVersion = 10.0.40219.1
Project("{FAE04EC0-301F-11D3-BF4B-00C04F79EFBC}") = "Повтор буквы", "Повтор буквы\Повтор буквы.csproj", "{AC3EDC43-10B9-4C62-9C82-42AD5BA88ED6}"
EndProject
Global
	GlobalSection(SolutionConfigurationPlatforms) = preSolution
		Debug|Any CPU = Debug|Any CPU
		Release|Any CPU = Release|Any CPU
	EndGlobalSection
	GlobalSection(ProjectConfigurationPlatforms) = postSolution
		{AC3EDC43-10B9-4C62-9C82-42AD5BA88ED6}.Debug|Any CPU.ActiveCfg = Debug|Any CPU
		{AC3EDC43-10B9-4C62-9C82-42AD5BA88ED6}.Debug|Any CPU.Build.0 = Debug|Any CPU
		{AC3EDC43-10B9-4C62-9C82-42AD5BA88ED6}.Release|Any CPU.ActiveCfg = Release|Any CPU
		{AC3EDC43-10B9-4C62-9C82-42AD5BA88ED6}.Release|Any CPU.Build.0 = Release|Any CPU
	EndGlobalSection
	GlobalSection(SolutionProperties) = preSolution
		HideSolutionNode = FALSE
	EndGlobalSection
	GlobalSection(ExtensibilityGlobals) = postSolution
		SolutionGuid = {32CC818C-2B14-4269-9D3A-D4C2AA795C32}
	EndGlobalSection
EndGlobal
