
Microsoft Visual Studio Solution File, Format Version 12.00
# Visual Studio Version 17
VisualStudioVersion = 17.4.33213.308
MinimumVisualStudioVersion = 10.0.40219.1
Project("{FAE04EC0-301F-11D3-BF4B-00C04F79EFBC}") = "Прямоугольник", "Прямоугольник\Прямоугольник.csproj", "{DA1134DC-169F-444A-899A-98CD20883EF8}"
EndProject
Global
	GlobalSection(SolutionConfigurationPlatforms) = preSolution
		Debug|Any CPU = Debug|Any CPU
		Release|Any CPU = Release|Any CPU
	EndGlobalSection
	GlobalSection(ProjectConfigurationPlatforms) = postSolution
		{DA1134DC-169F-444A-899A-98CD20883EF8}.Debug|Any CPU.ActiveCfg = Debug|Any CPU
		{DA1134DC-169F-444A-899A-98CD20883EF8}.Debug|Any CPU.Build.0 = Debug|Any CPU
		{DA1134DC-169F-444A-899A-98CD20883EF8}.Release|Any CPU.ActiveCfg = Release|Any CPU
		{DA1134DC-169F-444A-899A-98CD20883EF8}.Release|Any CPU.Build.0 = Release|Any CPU
	EndGlobalSection
	GlobalSection(SolutionProperties) = preSolution
		HideSolutionNode = FALSE
	EndGlobalSection
	GlobalSection(ExtensibilityGlobals) = postSolution
		SolutionGuid = {A796F9C7-872C-40F3-A0EB-E9A8621D9920}
	EndGlobalSection
EndGlobal
