
Microsoft Visual Studio Solution File, Format Version 12.00
# Visual Studio Version 17
VisualStudioVersion = 17.4.33213.308
MinimumVisualStudioVersion = 10.0.40219.1
Project("{FAE04EC0-301F-11D3-BF4B-00C04F79EFBC}") = "Считывание числа", "Считывание числа\Считывание числа.csproj", "{28251B72-98F5-41E9-9752-B1234B9FB434}"
EndProject
Global
	GlobalSection(SolutionConfigurationPlatforms) = preSolution
		Debug|Any CPU = Debug|Any CPU
		Release|Any CPU = Release|Any CPU
	EndGlobalSection
	GlobalSection(ProjectConfigurationPlatforms) = postSolution
		{28251B72-98F5-41E9-9752-B1234B9FB434}.Debug|Any CPU.ActiveCfg = Debug|Any CPU
		{28251B72-98F5-41E9-9752-B1234B9FB434}.Debug|Any CPU.Build.0 = Debug|Any CPU
		{28251B72-98F5-41E9-9752-B1234B9FB434}.Release|Any CPU.ActiveCfg = Release|Any CPU
		{28251B72-98F5-41E9-9752-B1234B9FB434}.Release|Any CPU.Build.0 = Release|Any CPU
	EndGlobalSection
	GlobalSection(SolutionProperties) = preSolution
		HideSolutionNode = FALSE
	EndGlobalSection
	GlobalSection(ExtensibilityGlobals) = postSolution
		SolutionGuid = {1230301C-BBEC-486A-84DE-14F8A57B53DA}
	EndGlobalSection
EndGlobal
